
Microsoft Visual Studio Solution File, Format Version 12.00
# Visual Studio 15
VisualStudioVersion = 15.0.26430.12
MinimumVisualStudioVersion = 10.0.40219.1
Project("{FAE04EC0-301F-11D3-BF4B-00C04F79EFBC}") = "KiBoard", "KiBoard\KiBoard.csproj", "{A51F828D-1F7C-4B12-801A-98BB43118104}"
EndProject
Global
	GlobalSection(SolutionConfigurationPlatforms) = preSolution
		Debug|Any CPU = Debug|Any CPU
		Release|Any CPU = Release|Any CPU
	EndGlobalSection
	GlobalSection(ProjectConfigurationPlatforms) = postSolution
		{A51F828D-1F7C-4B12-801A-98BB43118104}.Debug|Any CPU.ActiveCfg = Debug|Any CPU
		{A51F828D-1F7C-4B12-801A-98BB43118104}.Debug|Any CPU.Build.0 = Debug|Any CPU
		{A51F828D-1F7C-4B12-801A-98BB43118104}.Release|Any CPU.ActiveCfg = Release|Any CPU
		{A51F828D-1F7C-4B12-801A-98BB43118104}.Release|Any CPU.Build.0 = Release|Any CPU
	EndGlobalSection
	GlobalSection(SolutionProperties) = preSolution
		HideSolutionNode = FALSE
	EndGlobalSection
EndGlobal
